// !$*UTF8*$!
{
	archiveVersion = 1;
	classes = {
	};
	objectVersion = 46;
	objects = {

/* Begin PBXBuildFile section */
		49DCB5F51EB1E6DD002356B2 /* main.m in Sources */ = {isa = PBXBuildFile; fileRef = 49DCB5F41EB1E6DD002356B2 /* main.m */; };
		49DCB5F81EB1E6DD002356B2 /* AppDelegate.m in Sources */ = {isa = PBXBuildFile; fileRef = 49DCB5F71EB1E6DD002356B2 /* AppDelegate.m */; };
		49DCB5FB1EB1E6DD002356B2 /* ViewController.m in Sources */ = {isa = PBXBuildFile; fileRef = 49DCB5FA1EB1E6DD002356B2 /* ViewController.m */; };
		49DCB5FE1EB1E6DD002356B2 /* Main.storyboard in Resources */ = {isa = PBXBuildFile; fileRef = 49DCB5FC1EB1E6DD002356B2 /* Main.storyboard */; };
		49DCB6001EB1E6DD002356B2 /* Assets.xcassets in Resources */ = {isa = PBXBuildFile; fileRef = 49DCB5FF1EB1E6DD002356B2 /* Assets.xcassets */; };
		49DCB6031EB1E6DD002356B2 /* LaunchScreen.storyboard in Resources */ = {isa = PBXBuildFile; fileRef = 49DCB6011EB1E6DD002356B2 /* LaunchScreen.storyboard */; };
		49DCB60E1EB1E6DD002356B2 /* Http__Tests.m in Sources */ = {isa = PBXBuildFile; fileRef = 49DCB60D1EB1E6DD002356B2 /* Http__Tests.m */; };
		49DCB6191EB1E6DD002356B2 /* Http__UITests.m in Sources */ = {isa = PBXBuildFile; fileRef = 49DCB6181EB1E6DD002356B2 /* Http__UITests.m */; };
		49DCB62E1EB1F8AA002356B2 /* main.m in Sources */ = {isa = PBXBuildFile; fileRef = 49DCB62D1EB1F8AA002356B2 /* main.m */; };
		49DCB6311EB1F8AA002356B2 /* AppDelegate.m in Sources */ = {isa = PBXBuildFile; fileRef = 49DCB6301EB1F8AA002356B2 /* AppDelegate.m */; };
		49DCB6341EB1F8AA002356B2 /* ViewController.m in Sources */ = {isa = PBXBuildFile; fileRef = 49DCB6331EB1F8AA002356B2 /* ViewController.m */; };
		49DCB6371EB1F8AA002356B2 /* Main.storyboard in Resources */ = {isa = PBXBuildFile; fileRef = 49DCB6351EB1F8AA002356B2 /* Main.storyboard */; };
		49DCB6391EB1F8AA002356B2 /* Assets.xcassets in Resources */ = {isa = PBXBuildFile; fileRef = 49DCB6381EB1F8AA002356B2 /* Assets.xcassets */; };
		49DCB63C1EB1F8AA002356B2 /* LaunchScreen.storyboard in Resources */ = {isa = PBXBuildFile; fileRef = 49DCB63A1EB1F8AA002356B2 /* LaunchScreen.storyboard */; };
		49DCB6471EB1F8AA002356B2 /* WebViewTests.m in Sources */ = {isa = PBXBuildFile; fileRef = 49DCB6461EB1F8AA002356B2 /* WebViewTests.m */; };
		49DCB6521EB1F8AA002356B2 /* WebViewUITests.m in Sources */ = {isa = PBXBuildFile; fileRef = 49DCB6511EB1F8AA002356B2 /* WebViewUITests.m */; };
		49DCB69E1EB2DAB8002356B2 /* CusURLCache.m in Sources */ = {isa = PBXBuildFile; fileRef = 49DCB69D1EB2DAB8002356B2 /* CusURLCache.m */; };
		49DCB6A11EB2E382002356B2 /* CusURLProtocol.m in Sources */ = {isa = PBXBuildFile; fileRef = 49DCB6A01EB2E382002356B2 /* CusURLProtocol.m */; };
		49DCB6A41EB33207002356B2 /* CusURLCache.m in Sources */ = {isa = PBXBuildFile; fileRef = 49DCB6A31EB33207002356B2 /* CusURLCache.m */; };
/* End PBXBuildFile section */

/* Begin PBXContainerItemProxy section */
		49DCB60A1EB1E6DD002356B2 /* PBXContainerItemProxy */ = {
			isa = PBXContainerItemProxy;
			containerPortal = 49DCB5E81EB1E6DD002356B2 /* Project object */;
			proxyType = 1;
			remoteGlobalIDString = 49DCB5EF1EB1E6DD002356B2;
			remoteInfo = "Http测试";
		};
		49DCB6151EB1E6DD002356B2 /* PBXContainerItemProxy */ = {
			isa = PBXContainerItemProxy;
			containerPortal = 49DCB5E81EB1E6DD002356B2 /* Project object */;
			proxyType = 1;
			remoteGlobalIDString = 49DCB5EF1EB1E6DD002356B2;
			remoteInfo = "Http测试";
		};
		49DCB6431EB1F8AA002356B2 /* PBXContainerItemProxy */ = {
			isa = PBXContainerItemProxy;
			containerPortal = 49DCB5E81EB1E6DD002356B2 /* Project object */;
			proxyType = 1;
			remoteGlobalIDString = 49DCB6291EB1F8AA002356B2;
			remoteInfo = WebView;
		};
		49DCB64E1EB1F8AA002356B2 /* PBXContainerItemProxy */ = {
			isa = PBXContainerItemProxy;
			containerPortal = 49DCB5E81EB1E6DD002356B2 /* Project object */;
			proxyType = 1;
			remoteGlobalIDString = 49DCB6291EB1F8AA002356B2;
			remoteInfo = WebView;
		};
/* End PBXContainerItemProxy section */

/* Begin PBXFileReference section */
		49DCB5F01EB1E6DD002356B2 /* Http测试.app */ = {isa = PBXFileReference; explicitFileType = wrapper.application; includeInIndex = 0; path = "Http测试.app"; sourceTree = BUILT_PRODUCTS_DIR; };
		49DCB5F41EB1E6DD002356B2 /* main.m */ = {isa = PBXFileReference; lastKnownFileType = sourcecode.c.objc; path = main.m; sourceTree = "<group>"; };
		49DCB5F61EB1E6DD002356B2 /* AppDelegate.h */ = {isa = PBXFileReference; lastKnownFileType = sourcecode.c.h; path = AppDelegate.h; sourceTree = "<group>"; };
		49DCB5F71EB1E6DD002356B2 /* AppDelegate.m */ = {isa = PBXFileReference; lastKnownFileType = sourcecode.c.objc; path = AppDelegate.m; sourceTree = "<group>"; };
		49DCB5F91EB1E6DD002356B2 /* ViewController.h */ = {isa = PBXFileReference; lastKnownFileType = sourcecode.c.h; path = ViewController.h; sourceTree = "<group>"; };
		49DCB5FA1EB1E6DD002356B2 /* ViewController.m */ = {isa = PBXFileReference; lastKnownFileType = sourcecode.c.objc; path = ViewController.m; sourceTree = "<group>"; };
		49DCB5FD1EB1E6DD002356B2 /* Base */ = {isa = PBXFileReference; lastKnownFileType = file.storyboard; name = Base; path = Base.lproj/Main.storyboard; sourceTree = "<group>"; };
		49DCB5FF1EB1E6DD002356B2 /* Assets.xcassets */ = {isa = PBXFileReference; lastKnownFileType = folder.assetcatalog; path = Assets.xcassets; sourceTree = "<group>"; };
		49DCB6021EB1E6DD002356B2 /* Base */ = {isa = PBXFileReference; lastKnownFileType = file.storyboard; name = Base; path = Base.lproj/LaunchScreen.storyboard; sourceTree = "<group>"; };
		49DCB6041EB1E6DD002356B2 /* Info.plist */ = {isa = PBXFileReference; lastKnownFileType = text.plist.xml; path = Info.plist; sourceTree = "<group>"; };
		49DCB6091EB1E6DD002356B2 /* Http测试Tests.xctest */ = {isa = PBXFileReference; explicitFileType = wrapper.cfbundle; includeInIndex = 0; path = "Http测试Tests.xctest"; sourceTree = BUILT_PRODUCTS_DIR; };
		49DCB60D1EB1E6DD002356B2 /* Http__Tests.m */ = {isa = PBXFileReference; lastKnownFileType = sourcecode.c.objc; path = Http__Tests.m; sourceTree = "<group>"; };
		49DCB60F1EB1E6DD002356B2 /* Info.plist */ = {isa = PBXFileReference; lastKnownFileType = text.plist.xml; path = Info.plist; sourceTree = "<group>"; };
		49DCB6141EB1E6DD002356B2 /* Http测试UITests.xctest */ = {isa = PBXFileReference; explicitFileType = wrapper.cfbundle; includeInIndex = 0; path = "Http测试UITests.xctest"; sourceTree = BUILT_PRODUCTS_DIR; };
		49DCB6181EB1E6DD002356B2 /* Http__UITests.m */ = {isa = PBXFileReference; lastKnownFileType = sourcecode.c.objc; path = Http__UITests.m; sourceTree = "<group>"; };
		49DCB61A1EB1E6DD002356B2 /* Info.plist */ = {isa = PBXFileReference; lastKnownFileType = text.plist.xml; path = Info.plist; sourceTree = "<group>"; };
		49DCB62A1EB1F8AA002356B2 /* WebView.app */ = {isa = PBXFileReference; explicitFileType = wrapper.application; includeInIndex = 0; path = WebView.app; sourceTree = BUILT_PRODUCTS_DIR; };
		49DCB62D1EB1F8AA002356B2 /* main.m */ = {isa = PBXFileReference; lastKnownFileType = sourcecode.c.objc; path = main.m; sourceTree = "<group>"; };
		49DCB62F1EB1F8AA002356B2 /* AppDelegate.h */ = {isa = PBXFileReference; lastKnownFileType = sourcecode.c.h; path = AppDelegate.h; sourceTree = "<group>"; };
		49DCB6301EB1F8AA002356B2 /* AppDelegate.m */ = {isa = PBXFileReference; lastKnownFileType = sourcecode.c.objc; path = AppDelegate.m; sourceTree = "<group>"; };
		49DCB6321EB1F8AA002356B2 /* ViewController.h */ = {isa = PBXFileReference; lastKnownFileType = sourcecode.c.h; path = ViewController.h; sourceTree = "<group>"; };
		49DCB6331EB1F8AA002356B2 /* ViewController.m */ = {isa = PBXFileReference; lastKnownFileType = sourcecode.c.objc; path = ViewController.m; sourceTree = "<group>"; };
		49DCB6361EB1F8AA002356B2 /* Base */ = {isa = PBXFileReference; lastKnownFileType = file.storyboard; name = Base; path = Base.lproj/Main.storyboard; sourceTree = "<group>"; };
		49DCB6381EB1F8AA002356B2 /* Assets.xcassets */ = {isa = PBXFileReference; lastKnownFileType = folder.assetcatalog; path = Assets.xcassets; sourceTree = "<group>"; };
		49DCB63B1EB1F8AA002356B2 /* Base */ = {isa = PBXFileReference; lastKnownFileType = file.storyboard; name = Base; path = Base.lproj/LaunchScreen.storyboard; sourceTree = "<group>"; };
		49DCB63D1EB1F8AA002356B2 /* Info.plist */ = {isa = PBXFileReference; lastKnownFileType = text.plist.xml; path = Info.plist; sourceTree = "<group>"; };
		49DCB6421EB1F8AA002356B2 /* WebViewTests.xctest */ = {isa = PBXFileReference; explicitFileType = wrapper.cfbundle; includeInIndex = 0; path = WebViewTests.xctest; sourceTree = BUILT_PRODUCTS_DIR; };
		49DCB6461EB1F8AA002356B2 /* WebViewTests.m */ = {isa = PBXFileReference; lastKnownFileType = sourcecode.c.objc; path = WebViewTests.m; sourceTree = "<group>"; };
		49DCB6481EB1F8AA002356B2 /* Info.plist */ = {isa = PBXFileReference; lastKnownFileType = text.plist.xml; path = Info.plist; sourceTree = "<group>"; };
		49DCB64D1EB1F8AA002356B2 /* WebViewUITests.xctest */ = {isa = PBXFileReference; explicitFileType = wrapper.cfbundle; includeInIndex = 0; path = WebViewUITests.xctest; sourceTree = BUILT_PRODUCTS_DIR; };
		49DCB6511EB1F8AA002356B2 /* WebViewUITests.m */ = {isa = PBXFileReference; lastKnownFileType = sourcecode.c.objc; path = WebViewUITests.m; sourceTree = "<group>"; };
		49DCB6531EB1F8AA002356B2 /* Info.plist */ = {isa = PBXFileReference; lastKnownFileType = text.plist.xml; path = Info.plist; sourceTree = "<group>"; };
		49DCB69C1EB2DAB8002356B2 /* CusURLCache.h */ = {isa = PBXFileReference; fileEncoding = 4; lastKnownFileType = sourcecode.c.h; path = CusURLCache.h; sourceTree = "<group>"; };
		49DCB69D1EB2DAB8002356B2 /* CusURLCache.m */ = {isa = PBXFileReference; fileEncoding = 4; lastKnownFileType = sourcecode.c.objc; path = CusURLCache.m; sourceTree = "<group>"; };
		49DCB69F1EB2E382002356B2 /* CusURLProtocol.h */ = {isa = PBXFileReference; fileEncoding = 4; lastKnownFileType = sourcecode.c.h; path = CusURLProtocol.h; sourceTree = "<group>"; };
		49DCB6A01EB2E382002356B2 /* CusURLProtocol.m */ = {isa = PBXFileReference; fileEncoding = 4; lastKnownFileType = sourcecode.c.objc; path = CusURLProtocol.m; sourceTree = "<group>"; };
		49DCB6A21EB33207002356B2 /* CusURLCache.h */ = {isa = PBXFileReference; fileEncoding = 4; lastKnownFileType = sourcecode.c.h; path = CusURLCache.h; sourceTree = "<group>"; };
		49DCB6A31EB33207002356B2 /* CusURLCache.m */ = {isa = PBXFileReference; fileEncoding = 4; lastKnownFileType = sourcecode.c.objc; path = CusURLCache.m; sourceTree = "<group>"; };
/* End PBXFileReference section */

/* Begin PBXFrameworksBuildPhase section */
		49DCB5ED1EB1E6DD002356B2 /* Frameworks */ = {
			isa = PBXFrameworksBuildPhase;
			buildActionMask = 2147483647;
			files = (
			);
			runOnlyForDeploymentPostprocessing = 0;
		};
		49DCB6061EB1E6DD002356B2 /* Frameworks */ = {
			isa = PBXFrameworksBuildPhase;
			buildActionMask = 2147483647;
			files = (
			);
			runOnlyForDeploymentPostprocessing = 0;
		};
		49DCB6111EB1E6DD002356B2 /* Frameworks */ = {
			isa = PBXFrameworksBuildPhase;
			buildActionMask = 2147483647;
			files = (
			);
			runOnlyForDeploymentPostprocessing = 0;
		};
		49DCB6271EB1F8AA002356B2 /* Frameworks */ = {
			isa = PBXFrameworksBuildPhase;
			buildActionMask = 2147483647;
			files = (
			);
			runOnlyForDeploymentPostprocessing = 0;
		};
		49DCB63F1EB1F8AA002356B2 /* Frameworks */ = {
			isa = PBXFrameworksBuildPhase;
			buildActionMask = 2147483647;
			files = (
			);
			runOnlyForDeploymentPostprocessing = 0;
		};
		49DCB64A1EB1F8AA002356B2 /* Frameworks */ = {
			isa = PBXFrameworksBuildPhase;
			buildActionMask = 2147483647;
			files = (
			);
			runOnlyForDeploymentPostprocessing = 0;
		};
/* End PBXFrameworksBuildPhase section */

/* Begin PBXGroup section */
		49DCB5E71EB1E6DD002356B2 = {
			isa = PBXGroup;
			children = (
				49DCB5F21EB1E6DD002356B2 /* Http测试 */,
				49DCB60C1EB1E6DD002356B2 /* Http测试Tests */,
				49DCB6171EB1E6DD002356B2 /* Http测试UITests */,
				49DCB62B1EB1F8AA002356B2 /* WebView */,
				49DCB6451EB1F8AA002356B2 /* WebViewTests */,
				49DCB6501EB1F8AA002356B2 /* WebViewUITests */,
				49DCB5F11EB1E6DD002356B2 /* Products */,
			);
			sourceTree = "<group>";
		};
		49DCB5F11EB1E6DD002356B2 /* Products */ = {
			isa = PBXGroup;
			children = (
				49DCB5F01EB1E6DD002356B2 /* Http测试.app */,
				49DCB6091EB1E6DD002356B2 /* Http测试Tests.xctest */,
				49DCB6141EB1E6DD002356B2 /* Http测试UITests.xctest */,
				49DCB62A1EB1F8AA002356B2 /* WebView.app */,
				49DCB6421EB1F8AA002356B2 /* WebViewTests.xctest */,
				49DCB64D1EB1F8AA002356B2 /* WebViewUITests.xctest */,
			);
			name = Products;
			sourceTree = "<group>";
		};
		49DCB5F21EB1E6DD002356B2 /* Http测试 */ = {
			isa = PBXGroup;
			children = (
				49DCB5F61EB1E6DD002356B2 /* AppDelegate.h */,
				49DCB5F71EB1E6DD002356B2 /* AppDelegate.m */,
				49DCB5F91EB1E6DD002356B2 /* ViewController.h */,
				49DCB5FA1EB1E6DD002356B2 /* ViewController.m */,
				49DCB6A21EB33207002356B2 /* CusURLCache.h */,
				49DCB6A31EB33207002356B2 /* CusURLCache.m */,
				49DCB5FC1EB1E6DD002356B2 /* Main.storyboard */,
				49DCB5FF1EB1E6DD002356B2 /* Assets.xcassets */,
				49DCB6011EB1E6DD002356B2 /* LaunchScreen.storyboard */,
				49DCB6041EB1E6DD002356B2 /* Info.plist */,
				49DCB5F31EB1E6DD002356B2 /* Supporting Files */,
			);
			path = "Http测试";
			sourceTree = "<group>";
		};
		49DCB5F31EB1E6DD002356B2 /* Supporting Files */ = {
			isa = PBXGroup;
			children = (
				49DCB5F41EB1E6DD002356B2 /* main.m */,
			);
			name = "Supporting Files";
			sourceTree = "<group>";
		};
		49DCB60C1EB1E6DD002356B2 /* Http测试Tests */ = {
			isa = PBXGroup;
			children = (
				49DCB60D1EB1E6DD002356B2 /* Http__Tests.m */,
				49DCB60F1EB1E6DD002356B2 /* Info.plist */,
			);
			path = "Http测试Tests";
			sourceTree = "<group>";
		};
		49DCB6171EB1E6DD002356B2 /* Http测试UITests */ = {
			isa = PBXGroup;
			children = (
				49DCB6181EB1E6DD002356B2 /* Http__UITests.m */,
				49DCB61A1EB1E6DD002356B2 /* Info.plist */,
			);
			path = "Http测试UITests";
			sourceTree = "<group>";
		};
		49DCB62B1EB1F8AA002356B2 /* WebView */ = {
			isa = PBXGroup;
			children = (
				49DCB62F1EB1F8AA002356B2 /* AppDelegate.h */,
				49DCB6301EB1F8AA002356B2 /* AppDelegate.m */,
				49DCB6321EB1F8AA002356B2 /* ViewController.h */,
				49DCB6331EB1F8AA002356B2 /* ViewController.m */,
				49DCB69C1EB2DAB8002356B2 /* CusURLCache.h */,
				49DCB69D1EB2DAB8002356B2 /* CusURLCache.m */,
				49DCB69F1EB2E382002356B2 /* CusURLProtocol.h */,
				49DCB6A01EB2E382002356B2 /* CusURLProtocol.m */,
				49DCB6351EB1F8AA002356B2 /* Main.storyboard */,
				49DCB6381EB1F8AA002356B2 /* Assets.xcassets */,
				49DCB63A1EB1F8AA002356B2 /* LaunchScreen.storyboard */,
				49DCB63D1EB1F8AA002356B2 /* Info.plist */,
				49DCB62C1EB1F8AA002356B2 /* Supporting Files */,
			);
			path = WebView;
			sourceTree = "<group>";
		};
		49DCB62C1EB1F8AA002356B2 /* Supporting Files */ = {
			isa = PBXGroup;
			children = (
				49DCB62D1EB1F8AA002356B2 /* main.m */,
			);
			name = "Supporting Files";
			sourceTree = "<group>";
		};
		49DCB6451EB1F8AA002356B2 /* WebViewTests */ = {
			isa = PBXGroup;
			children = (
				49DCB6461EB1F8AA002356B2 /* WebViewTests.m */,
				49DCB6481EB1F8AA002356B2 /* Info.plist */,
			);
			path = WebViewTests;
			sourceTree = "<group>";
		};
		49DCB6501EB1F8AA002356B2 /* WebViewUITests */ = {
			isa = PBXGroup;
			children = (
				49DCB6511EB1F8AA002356B2 /* WebViewUITests.m */,
				49DCB6531EB1F8AA002356B2 /* Info.plist */,
			);
			path = WebViewUITests;
			sourceTree = "<group>";
		};
/* End PBXGroup section */

/* Begin PBXNativeTarget section */
		49DCB5EF1EB1E6DD002356B2 /* Http测试 */ = {
			isa = PBXNativeTarget;
			buildConfigurationList = 49DCB61D1EB1E6DD002356B2 /* Build configuration list for PBXNativeTarget "Http测试" */;
			buildPhases = (
				49DCB5EC1EB1E6DD002356B2 /* Sources */,
				49DCB5ED1EB1E6DD002356B2 /* Frameworks */,
				49DCB5EE1EB1E6DD002356B2 /* Resources */,
			);
			buildRules = (
			);
			dependencies = (
			);
			name = "Http测试";
			productName = "Http测试";
			productReference = 49DCB5F01EB1E6DD002356B2 /* Http测试.app */;
			productType = "com.apple.product-type.application";
		};
		49DCB6081EB1E6DD002356B2 /* Http测试Tests */ = {
			isa = PBXNativeTarget;
			buildConfigurationList = 49DCB6201EB1E6DD002356B2 /* Build configuration list for PBXNativeTarget "Http测试Tests" */;
			buildPhases = (
				49DCB6051EB1E6DD002356B2 /* Sources */,
				49DCB6061EB1E6DD002356B2 /* Frameworks */,
				49DCB6071EB1E6DD002356B2 /* Resources */,
			);
			buildRules = (
			);
			dependencies = (
				49DCB60B1EB1E6DD002356B2 /* PBXTargetDependency */,
			);
			name = "Http测试Tests";
			productName = "Http测试Tests";
			productReference = 49DCB6091EB1E6DD002356B2 /* Http测试Tests.xctest */;
			productType = "com.apple.product-type.bundle.unit-test";
		};
		49DCB6131EB1E6DD002356B2 /* Http测试UITests */ = {
			isa = PBXNativeTarget;
			buildConfigurationList = 49DCB6231EB1E6DD002356B2 /* Build configuration list for PBXNativeTarget "Http测试UITests" */;
			buildPhases = (
				49DCB6101EB1E6DD002356B2 /* Sources */,
				49DCB6111EB1E6DD002356B2 /* Frameworks */,
				49DCB6121EB1E6DD002356B2 /* Resources */,
			);
			buildRules = (
			);
			dependencies = (
				49DCB6161EB1E6DD002356B2 /* PBXTargetDependency */,
			);
			name = "Http测试UITests";
			productName = "Http测试UITests";
			productReference = 49DCB6141EB1E6DD002356B2 /* Http测试UITests.xctest */;
			productType = "com.apple.product-type.bundle.ui-testing";
		};
		49DCB6291EB1F8AA002356B2 /* WebView */ = {
			isa = PBXNativeTarget;
			buildConfigurationList = 49DCB6541EB1F8AA002356B2 /* Build configuration list for PBXNativeTarget "WebView" */;
			buildPhases = (
				49DCB6261EB1F8AA002356B2 /* Sources */,
				49DCB6271EB1F8AA002356B2 /* Frameworks */,
				49DCB6281EB1F8AA002356B2 /* Resources */,
			);
			buildRules = (
			);
			dependencies = (
			);
			name = WebView;
			productName = WebView;
			productReference = 49DCB62A1EB1F8AA002356B2 /* WebView.app */;
			productType = "com.apple.product-type.application";
		};
		49DCB6411EB1F8AA002356B2 /* WebViewTests */ = {
			isa = PBXNativeTarget;
			buildConfigurationList = 49DCB6571EB1F8AA002356B2 /* Build configuration list for PBXNativeTarget "WebViewTests" */;
			buildPhases = (
				49DCB63E1EB1F8AA002356B2 /* Sources */,
				49DCB63F1EB1F8AA002356B2 /* Frameworks */,
				49DCB6401EB1F8AA002356B2 /* Resources */,
			);
			buildRules = (
			);
			dependencies = (
				49DCB6441EB1F8AA002356B2 /* PBXTargetDependency */,
			);
			name = WebViewTests;
			productName = WebViewTests;
			productReference = 49DCB6421EB1F8AA002356B2 /* WebViewTests.xctest */;
			productType = "com.apple.product-type.bundle.unit-test";
		};
		49DCB64C1EB1F8AA002356B2 /* WebViewUITests */ = {
			isa = PBXNativeTarget;
			buildConfigurationList = 49DCB65A1EB1F8AA002356B2 /* Build configuration list for PBXNativeTarget "WebViewUITests" */;
			buildPhases = (
				49DCB6491EB1F8AA002356B2 /* Sources */,
				49DCB64A1EB1F8AA002356B2 /* Frameworks */,
				49DCB64B1EB1F8AA002356B2 /* Resources */,
			);
			buildRules = (
			);
			dependencies = (
				49DCB64F1EB1F8AA002356B2 /* PBXTargetDependency */,
			);
			name = WebViewUITests;
			productName = WebViewUITests;
			productReference = 49DCB64D1EB1F8AA002356B2 /* WebViewUITests.xctest */;
			productType = "com.apple.product-type.bundle.ui-testing";
		};
/* End PBXNativeTarget section */

/* Begin PBXProject section */
		49DCB5E81EB1E6DD002356B2 /* Project object */ = {
			isa = PBXProject;
			attributes = {
				LastUpgradeCheck = 0830;
				ORGANIZATIONNAME = XinWeizhou;
				TargetAttributes = {
					49DCB5EF1EB1E6DD002356B2 = {
						CreatedOnToolsVersion = 8.3.2;
						DevelopmentTeam = F5HC6AUTLQ;
						ProvisioningStyle = Automatic;
					};
					49DCB6081EB1E6DD002356B2 = {
						CreatedOnToolsVersion = 8.3.2;
						DevelopmentTeam = F5HC6AUTLQ;
						ProvisioningStyle = Automatic;
						TestTargetID = 49DCB5EF1EB1E6DD002356B2;
					};
					49DCB6131EB1E6DD002356B2 = {
						CreatedOnToolsVersion = 8.3.2;
						DevelopmentTeam = F5HC6AUTLQ;
						ProvisioningStyle = Automatic;
						TestTargetID = 49DCB5EF1EB1E6DD002356B2;
					};
					49DCB6291EB1F8AA002356B2 = {
						CreatedOnToolsVersion = 8.3.2;
						DevelopmentTeam = F5HC6AUTLQ;
						ProvisioningStyle = Automatic;
					};
					49DCB6411EB1F8AA002356B2 = {
						CreatedOnToolsVersion = 8.3.2;
						DevelopmentTeam = F5HC6AUTLQ;
						ProvisioningStyle = Automatic;
						TestTargetID = 49DCB6291EB1F8AA002356B2;
					};
					49DCB64C1EB1F8AA002356B2 = {
						CreatedOnToolsVersion = 8.3.2;
						DevelopmentTeam = F5HC6AUTLQ;
						ProvisioningStyle = Automatic;
						TestTargetID = 49DCB6291EB1F8AA002356B2;
					};
				};
			};
			buildConfigurationList = 49DCB5EB1EB1E6DD002356B2 /* Build configuration list for PBXProject "Http测试" */;
			compatibilityVersion = "Xcode 3.2";
			developmentRegion = English;
			hasScannedForEncodings = 0;
			knownRegions = (
				en,
				Base,
			);
			mainGroup = 49DCB5E71EB1E6DD002356B2;
			productRefGroup = 49DCB5F11EB1E6DD002356B2 /* Products */;
			projectDirPath = "";
			projectRoot = "";
			targets = (
				49DCB5EF1EB1E6DD002356B2 /* Http测试 */,
				49DCB6081EB1E6DD002356B2 /* Http测试Tests */,
				49DCB6131EB1E6DD002356B2 /* Http测试UITests */,
				49DCB6291EB1F8AA002356B2 /* WebView */,
				49DCB6411EB1F8AA002356B2 /* WebViewTests */,
				49DCB64C1EB1F8AA002356B2 /* WebViewUITests */,
			);
		};
/* End PBXProject section */

/* Begin PBXResourcesBuildPhase section */
		49DCB5EE1EB1E6DD002356B2 /* Resources */ = {
			isa = PBXResourcesBuildPhase;
			buildActionMask = 2147483647;
			files = (
				49DCB6031EB1E6DD002356B2 /* LaunchScreen.storyboard in Resources */,
				49DCB6001EB1E6DD002356B2 /* Assets.xcassets in Resources */,
				49DCB5FE1EB1E6DD002356B2 /* Main.storyboard in Resources */,
			);
			runOnlyForDeploymentPostprocessing = 0;
		};
		49DCB6071EB1E6DD002356B2 /* Resources */ = {
			isa = PBXResourcesBuildPhase;
			buildActionMask = 2147483647;
			files = (
			);
			runOnlyForDeploymentPostprocessing = 0;
		};
		49DCB6121EB1E6DD002356B2 /* Resources */ = {
			isa = PBXResourcesBuildPhase;
			buildActionMask = 2147483647;
			files = (
			);
			runOnlyForDeploymentPostprocessing = 0;
		};
		49DCB6281EB1F8AA002356B2 /* Resources */ = {
			isa = PBXResourcesBuildPhase;
			buildActionMask = 2147483647;
			files = (
				49DCB63C1EB1F8AA002356B2 /* LaunchScreen.storyboard in Resources */,
				49DCB6391EB1F8AA002356B2 /* Assets.xcassets in Resources */,
				49DCB6371EB1F8AA002356B2 /* Main.storyboard in Resources */,
			);
			runOnlyForDeploymentPostprocessing = 0;
		};
		49DCB6401EB1F8AA002356B2 /* Resources */ = {
			isa = PBXResourcesBuildPhase;
			buildActionMask = 2147483647;
			files = (
			);
			runOnlyForDeploymentPostprocessing = 0;
		};
		49DCB64B1EB1F8AA002356B2 /* Resources */ = {
			isa = PBXResourcesBuildPhase;
			buildActionMask = 2147483647;
			files = (
			);
			runOnlyForDeploymentPostprocessing = 0;
		};
/* End PBXResourcesBuildPhase section */

/* Begin PBXSourcesBuildPhase section */
		49DCB5EC1EB1E6DD002356B2 /* Sources */ = {
			isa = PBXSourcesBuildPhase;
			buildActionMask = 2147483647;
			files = (
				49DCB5FB1EB1E6DD002356B2 /* ViewController.m in Sources */,
				49DCB5F81EB1E6DD002356B2 /* AppDelegate.m in Sources */,
				49DCB6A41EB33207002356B2 /* CusURLCache.m in Sources */,
				49DCB5F51EB1E6DD002356B2 /* main.m in Sources */,
			);
			runOnlyForDeploymentPostprocessing = 0;
		};
		49DCB6051EB1E6DD002356B2 /* Sources */ = {
			isa = PBXSourcesBuildPhase;
			buildActionMask = 2147483647;
			files = (
				49DCB60E1EB1E6DD002356B2 /* Http__Tests.m in Sources */,
			);
			runOnlyForDeploymentPostprocessing = 0;
		};
		49DCB6101EB1E6DD002356B2 /* Sources */ = {
			isa = PBXSourcesBuildPhase;
			buildActionMask = 2147483647;
			files = (
				49DCB6191EB1E6DD002356B2 /* Http__UITests.m in Sources */,
			);
			runOnlyForDeploymentPostprocessing = 0;
		};
		49DCB6261EB1F8AA002356B2 /* Sources */ = {
			isa = PBXSourcesBuildPhase;
			buildActionMask = 2147483647;
			files = (
				49DCB6341EB1F8AA002356B2 /* ViewController.m in Sources */,
				49DCB6A11EB2E382002356B2 /* CusURLProtocol.m in Sources */,
				49DCB6311EB1F8AA002356B2 /* AppDelegate.m in Sources */,
				49DCB69E1EB2DAB8002356B2 /* CusURLCache.m in Sources */,
				49DCB62E1EB1F8AA002356B2 /* main.m in Sources */,
			);
			runOnlyForDeploymentPostprocessing = 0;
		};
		49DCB63E1EB1F8AA002356B2 /* Sources */ = {
			isa = PBXSourcesBuildPhase;
			buildActionMask = 2147483647;
			files = (
				49DCB6471EB1F8AA002356B2 /* WebViewTests.m in Sources */,
			);
			runOnlyForDeploymentPostprocessing = 0;
		};
		49DCB6491EB1F8AA002356B2 /* Sources */ = {
			isa = PBXSourcesBuildPhase;
			buildActionMask = 2147483647;
			files = (
				49DCB6521EB1F8AA002356B2 /* WebViewUITests.m in Sources */,
			);
			runOnlyForDeploymentPostprocessing = 0;
		};
/* End PBXSourcesBuildPhase section */

/* Begin PBXTargetDependency section */
		49DCB60B1EB1E6DD002356B2 /* PBXTargetDependency */ = {
			isa = PBXTargetDependency;
			target = 49DCB5EF1EB1E6DD002356B2 /* Http测试 */;
			targetProxy = 49DCB60A1EB1E6DD002356B2 /* PBXContainerItemProxy */;
		};
		49DCB6161EB1E6DD002356B2 /* PBXTargetDependency */ = {
			isa = PBXTargetDependency;
			target = 49DCB5EF1EB1E6DD002356B2 /* Http测试 */;
			targetProxy = 49DCB6151EB1E6DD002356B2 /* PBXContainerItemProxy */;
		};
		49DCB6441EB1F8AA002356B2 /* PBXTargetDependency */ = {
			isa = PBXTargetDependency;
			target = 49DCB6291EB1F8AA002356B2 /* WebView */;
			targetProxy = 49DCB6431EB1F8AA002356B2 /* PBXContainerItemProxy */;
		};
		49DCB64F1EB1F8AA002356B2 /* PBXTargetDependency */ = {
			isa = PBXTargetDependency;
			target = 49DCB6291EB1F8AA002356B2 /* WebView */;
			targetProxy = 49DCB64E1EB1F8AA002356B2 /* PBXContainerItemProxy */;
		};
/* End PBXTargetDependency section */

/* Begin PBXVariantGroup section */
		49DCB5FC1EB1E6DD002356B2 /* Main.storyboard */ = {
			isa = PBXVariantGroup;
			children = (
				49DCB5FD1EB1E6DD002356B2 /* Base */,
			);
			name = Main.storyboard;
			sourceTree = "<group>";
		};
		49DCB6011EB1E6DD002356B2 /* LaunchScreen.storyboard */ = {
			isa = PBXVariantGroup;
			children = (
				49DCB6021EB1E6DD002356B2 /* Base */,
			);
			name = LaunchScreen.storyboard;
			sourceTree = "<group>";
		};
		49DCB6351EB1F8AA002356B2 /* Main.storyboard */ = {
			isa = PBXVariantGroup;
			children = (
				49DCB6361EB1F8AA002356B2 /* Base */,
			);
			name = Main.storyboard;
			sourceTree = "<group>";
		};
		49DCB63A1EB1F8AA002356B2 /* LaunchScreen.storyboard */ = {
			isa = PBXVariantGroup;
			children = (
				49DCB63B1EB1F8AA002356B2 /* Base */,
			);
			name = LaunchScreen.storyboard;
			sourceTree = "<group>";
		};
/* End PBXVariantGroup section */

/* Begin XCBuildConfiguration section */
		49DCB61B1EB1E6DD002356B2 /* Debug */ = {
			isa = XCBuildConfiguration;
			buildSettings = {
				ALWAYS_SEARCH_USER_PATHS = NO;
				CLANG_ANALYZER_NONNULL = YES;
				CLANG_ANALYZER_NUMBER_OBJECT_CONVERSION = YES_AGGRESSIVE;
				CLANG_CXX_LANGUAGE_STANDARD = "gnu++0x";
				CLANG_CXX_LIBRARY = "libc++";
				CLANG_ENABLE_MODULES = YES;
				CLANG_ENABLE_OBJC_ARC = YES;
				CLANG_WARN_BOOL_CONVERSION = YES;
				CLANG_WARN_CONSTANT_CONVERSION = YES;
				CLANG_WARN_DIRECT_OBJC_ISA_USAGE = YES_ERROR;
				CLANG_WARN_DOCUMENTATION_COMMENTS = YES;
				CLANG_WARN_EMPTY_BODY = YES;
				CLANG_WARN_ENUM_CONVERSION = YES;
				CLANG_WARN_INFINITE_RECURSION = YES;
				CLANG_WARN_INT_CONVERSION = YES;
				CLANG_WARN_OBJC_ROOT_CLASS = YES_ERROR;
				CLANG_WARN_SUSPICIOUS_MOVE = YES;
				CLANG_WARN_UNREACHABLE_CODE = YES;
				CLANG_WARN__DUPLICATE_METHOD_MATCH = YES;
				"CODE_SIGN_IDENTITY[sdk=iphoneos*]" = "iPhone Developer";
				COPY_PHASE_STRIP = NO;
				DEBUG_INFORMATION_FORMAT = dwarf;
				ENABLE_STRICT_OBJC_MSGSEND = YES;
				ENABLE_TESTABILITY = YES;
				GCC_C_LANGUAGE_STANDARD = gnu99;
				GCC_DYNAMIC_NO_PIC = NO;
				GCC_NO_COMMON_BLOCKS = YES;
				GCC_OPTIMIZATION_LEVEL = 0;
				GCC_PREPROCESSOR_DEFINITIONS = (
					"DEBUG=1",
					"$(inherited)",
				);
				GCC_WARN_64_TO_32_BIT_CONVERSION = YES;
				GCC_WARN_ABOUT_RETURN_TYPE = YES_ERROR;
				GCC_WARN_UNDECLARED_SELECTOR = YES;
				GCC_WARN_UNINITIALIZED_AUTOS = YES_AGGRESSIVE;
				GCC_WARN_UNUSED_FUNCTION = YES;
				GCC_WARN_UNUSED_VARIABLE = YES;
				IPHONEOS_DEPLOYMENT_TARGET = 10.3;
				MTL_ENABLE_DEBUG_INFO = YES;
				ONLY_ACTIVE_ARCH = YES;
				SDKROOT = iphoneos;
			};
			name = Debug;
		};
		49DCB61C1EB1E6DD002356B2 /* Release */ = {
			isa = XCBuildConfiguration;
			buildSettings = {
				ALWAYS_SEARCH_USER_PATHS = NO;
				CLANG_ANALYZER_NONNULL = YES;
				CLANG_ANALYZER_NUMBER_OBJECT_CONVERSION = YES_AGGRESSIVE;
				CLANG_CXX_LANGUAGE_STANDARD = "gnu++0x";
				CLANG_CXX_LIBRARY = "libc++";
				CLANG_ENABLE_MODULES = YES;
				CLANG_ENABLE_OBJC_ARC = YES;
				CLANG_WARN_BOOL_CONVERSION = YES;
				CLANG_WARN_CONSTANT_CONVERSION = YES;
				CLANG_WARN_DIRECT_OBJC_ISA_USAGE = YES_ERROR;
				CLANG_WARN_DOCUMENTATION_COMMENTS = YES;
				CLANG_WARN_EMPTY_BODY = YES;
				CLANG_WARN_ENUM_CONVERSION = YES;
				CLANG_WARN_INFINITE_RECURSION = YES;
				CLANG_WARN_INT_CONVERSION = YES;
				CLANG_WARN_OBJC_ROOT_CLASS = YES_ERROR;
				CLANG_WARN_SUSPICIOUS_MOVE = YES;
				CLANG_WARN_UNREACHABLE_CODE = YES;
				CLANG_WARN__DUPLICATE_METHOD_MATCH = YES;
				"CODE_SIGN_IDENTITY[sdk=iphoneos*]" = "iPhone Developer";
				COPY_PHASE_STRIP = NO;
				DEBUG_INFORMATION_FORMAT = "dwarf-with-dsym";
				ENABLE_NS_ASSERTIONS = NO;
				ENABLE_STRICT_OBJC_MSGSEND = YES;
				GCC_C_LANGUAGE_STANDARD = gnu99;
				GCC_NO_COMMON_BLOCKS = YES;
				GCC_WARN_64_TO_32_BIT_CONVERSION = YES;
				GCC_WARN_ABOUT_RETURN_TYPE = YES_ERROR;
				GCC_WARN_UNDECLARED_SELECTOR = YES;
				GCC_WARN_UNINITIALIZED_AUTOS = YES_AGGRESSIVE;
				GCC_WARN_UNUSED_FUNCTION = YES;
				GCC_WARN_UNUSED_VARIABLE = YES;
				IPHONEOS_DEPLOYMENT_TARGET = 10.3;
				MTL_ENABLE_DEBUG_INFO = NO;
				SDKROOT = iphoneos;
				VALIDATE_PRODUCT = YES;
			};
			name = Release;
		};
		49DCB61E1EB1E6DD002356B2 /* Debug */ = {
			isa = XCBuildConfiguration;
			buildSettings = {
				ASSETCATALOG_COMPILER_APPICON_NAME = AppIcon;
				DEVELOPMENT_TEAM = F5HC6AUTLQ;
				INFOPLIST_FILE = "Http测试/Info.plist";
				LD_RUNPATH_SEARCH_PATHS = "$(inherited) @executable_path/Frameworks";
				PRODUCT_BUNDLE_IDENTIFIER = "hello.com.Http--";
				PRODUCT_NAME = "$(TARGET_NAME)";
			};
			name = Debug;
		};
		49DCB61F1EB1E6DD002356B2 /* Release */ = {
			isa = XCBuildConfiguration;
			buildSettings = {
				ASSETCATALOG_COMPILER_APPICON_NAME = AppIcon;
				DEVELOPMENT_TEAM = F5HC6AUTLQ;
				INFOPLIST_FILE = "Http测试/Info.plist";
				LD_RUNPATH_SEARCH_PATHS = "$(inherited) @executable_path/Frameworks";
				PRODUCT_BUNDLE_IDENTIFIER = "hello.com.Http--";
				PRODUCT_NAME = "$(TARGET_NAME)";
			};
			name = Release;
		};
		49DCB6211EB1E6DD002356B2 /* Debug */ = {
			isa = XCBuildConfiguration;
			buildSettings = {
				BUNDLE_LOADER = "$(TEST_HOST)";
				DEVELOPMENT_TEAM = F5HC6AUTLQ;
				INFOPLIST_FILE = "Http测试Tests/Info.plist";
				LD_RUNPATH_SEARCH_PATHS = "$(inherited) @executable_path/Frameworks @loader_path/Frameworks";
				PRODUCT_BUNDLE_IDENTIFIER = "hello.com.Http--Tests";
				PRODUCT_NAME = "$(TARGET_NAME)";
				TEST_HOST = "$(BUILT_PRODUCTS_DIR)/Http测试.app/Http测试";
			};
			name = Debug;
		};
		49DCB6221EB1E6DD002356B2 /* Release */ = {
			isa = XCBuildConfiguration;
			buildSettings = {
				BUNDLE_LOADER = "$(TEST_HOST)";
				DEVELOPMENT_TEAM = F5HC6AUTLQ;
				INFOPLIST_FILE = "Http测试Tests/Info.plist";
				LD_RUNPATH_SEARCH_PATHS = "$(inherited) @executable_path/Frameworks @loader_path/Frameworks";
				PRODUCT_BUNDLE_IDENTIFIER = "hello.com.Http--Tests";
				PRODUCT_NAME = "$(TARGET_NAME)";
				TEST_HOST = "$(BUILT_PRODUCTS_DIR)/Http测试.app/Http测试";
			};
			name = Release;
		};
		49DCB6241EB1E6DD002356B2 /* Debug */ = {
			isa = XCBuildConfiguration;
			buildSettings = {
				DEVELOPMENT_TEAM = F5HC6AUTLQ;
				INFOPLIST_FILE = "Http测试UITests/Info.plist";
				LD_RUNPATH_SEARCH_PATHS = "$(inherited) @executable_path/Frameworks @loader_path/Frameworks";
				PRODUCT_BUNDLE_IDENTIFIER = "hello.com.Http--UITests";
				PRODUCT_NAME = "$(TARGET_NAME)";
				TEST_TARGET_NAME = "Http测试";
			};
			name = Debug;
		};
		49DCB6251EB1E6DD002356B2 /* Release */ = {
			isa = XCBuildConfiguration;
			buildSettings = {
				DEVELOPMENT_TEAM = F5HC6AUTLQ;
				INFOPLIST_FILE = "Http测试UITests/Info.plist";
				LD_RUNPATH_SEARCH_PATHS = "$(inherited) @executable_path/Frameworks @loader_path/Frameworks";
				PRODUCT_BUNDLE_IDENTIFIER = "hello.com.Http--UITests";
				PRODUCT_NAME = "$(TARGET_NAME)";
				TEST_TARGET_NAME = "Http测试";
			};
			name = Release;
		};
		49DCB6551EB1F8AA002356B2 /* Debug */ = {
			isa = XCBuildConfiguration;
			buildSettings = {
				ASSETCATALOG_COMPILER_APPICON_NAME = AppIcon;
				DEVELOPMENT_TEAM = F5HC6AUTLQ;
				INFOPLIST_FILE = WebView/Info.plist;
				LD_RUNPATH_SEARCH_PATHS = "$(inherited) @executable_path/Frameworks";
				PRODUCT_BUNDLE_IDENTIFIER = hello.com.WebView;
				PRODUCT_NAME = "$(TARGET_NAME)";
			};
			name = Debug;
		};
		49DCB6561EB1F8AA002356B2 /* Release */ = {
			isa = XCBuildConfiguration;
			buildSettings = {
				ASSETCATALOG_COMPILER_APPICON_NAME = AppIcon;
				DEVELOPMENT_TEAM = F5HC6AUTLQ;
				INFOPLIST_FILE = WebView/Info.plist;
				LD_RUNPATH_SEARCH_PATHS = "$(inherited) @executable_path/Frameworks";
				PRODUCT_BUNDLE_IDENTIFIER = hello.com.WebView;
				PRODUCT_NAME = "$(TARGET_NAME)";
			};
			name = Release;
		};
		49DCB6581EB1F8AA002356B2 /* Debug */ = {
			isa = XCBuildConfiguration;
			buildSettings = {
				BUNDLE_LOADER = "$(TEST_HOST)";
				DEVELOPMENT_TEAM = F5HC6AUTLQ;
				INFOPLIST_FILE = WebViewTests/Info.plist;
				LD_RUNPATH_SEARCH_PATHS = "$(inherited) @executable_path/Frameworks @loader_path/Frameworks";
				PRODUCT_BUNDLE_IDENTIFIER = hello.com.WebViewTests;
				PRODUCT_NAME = "$(TARGET_NAME)";
				TEST_HOST = "$(BUILT_PRODUCTS_DIR)/WebView.app/WebView";
			};
			name = Debug;
		};
		49DCB6591EB1F8AA002356B2 /* Release */ = {
			isa = XCBuildConfiguration;
			buildSettings = {
				BUNDLE_LOADER = "$(TEST_HOST)";
				DEVELOPMENT_TEAM = F5HC6AUTLQ;
				INFOPLIST_FILE = WebViewTests/Info.plist;
				LD_RUNPATH_SEARCH_PATHS = "$(inherited) @executable_path/Frameworks @loader_path/Frameworks";
				PRODUCT_BUNDLE_IDENTIFIER = hello.com.WebViewTests;
				PRODUCT_NAME = "$(TARGET_NAME)";
				TEST_HOST = "$(BUILT_PRODUCTS_DIR)/WebView.app/WebView";
			};
			name = Release;
		};
		49DCB65B1EB1F8AA002356B2 /* Debug */ = {
			isa = XCBuildConfiguration;
			buildSettings = {
				DEVELOPMENT_TEAM = F5HC6AUTLQ;
				INFOPLIST_FILE = WebViewUITests/Info.plist;
				LD_RUNPATH_SEARCH_PATHS = "$(inherited) @executable_path/Frameworks @loader_path/Frameworks";
				PRODUCT_BUNDLE_IDENTIFIER = hello.com.WebViewUITests;
				PRODUCT_NAME = "$(TARGET_NAME)";
				TEST_TARGET_NAME = WebView;
			};
			name = Debug;
		};
		49DCB65C1EB1F8AA002356B2 /* Release */ = {
			isa = XCBuildConfiguration;
			buildSettings = {
				DEVELOPMENT_TEAM = F5HC6AUTLQ;
				INFOPLIST_FILE = WebViewUITests/Info.plist;
				LD_RUNPATH_SEARCH_PATHS = "$(inherited) @executable_path/Frameworks @loader_path/Frameworks";
				PRODUCT_BUNDLE_IDENTIFIER = hello.com.WebViewUITests;
				PRODUCT_NAME = "$(TARGET_NAME)";
				TEST_TARGET_NAME = WebView;
			};
			name = Release;
		};
/* End XCBuildConfiguration section */

/* Begin XCConfigurationList section */
		49DCB5EB1EB1E6DD002356B2 /* Build configuration list for PBXProject "Http测试" */ = {
			isa = XCConfigurationList;
			buildConfigurations = (
				49DCB61B1EB1E6DD002356B2 /* Debug */,
				49DCB61C1EB1E6DD002356B2 /* Release */,
			);
			defaultConfigurationIsVisible = 0;
			defaultConfigurationName = Release;
		};
		49DCB61D1EB1E6DD002356B2 /* Build configuration list for PBXNativeTarget "Http测试" */ = {
			isa = XCConfigurationList;
			buildConfigurations = (
				49DCB61E1EB1E6DD002356B2 /* Debug */,
				49DCB61F1EB1E6DD002356B2 /* Release */,
			);
			defaultConfigurationIsVisible = 0;
		};
		49DCB6201EB1E6DD002356B2 /* Build configuration list for PBXNativeTarget "Http测试Tests" */ = {
			isa = XCConfigurationList;
			buildConfigurations = (
				49DCB6211EB1E6DD002356B2 /* Debug */,
				49DCB6221EB1E6DD002356B2 /* Release */,
			);
			defaultConfigurationIsVisible = 0;
		};
		49DCB6231EB1E6DD002356B2 /* Build configuration list for PBXNativeTarget "Http测试UITests" */ = {
			isa = XCConfigurationList;
			buildConfigurations = (
				49DCB6241EB1E6DD002356B2 /* Debug */,
				49DCB6251EB1E6DD002356B2 /* Release */,
			);
			defaultConfigurationIsVisible = 0;
		};
		49DCB6541EB1F8AA002356B2 /* Build configuration list for PBXNativeTarget "WebView" */ = {
			isa = XCConfigurationList;
			buildConfigurations = (
				49DCB6551EB1F8AA002356B2 /* Debug */,
				49DCB6561EB1F8AA002356B2 /* Release */,
			);
			defaultConfigurationIsVisible = 0;
		};
		49DCB6571EB1F8AA002356B2 /* Build configuration list for PBXNativeTarget "WebViewTests" */ = {
			isa = XCConfigurationList;
			buildConfigurations = (
				49DCB6581EB1F8AA002356B2 /* Debug */,
				49DCB6591EB1F8AA002356B2 /* Release */,
			);
			defaultConfigurationIsVisible = 0;
		};
		49DCB65A1EB1F8AA002356B2 /* Build configuration list for PBXNativeTarget "WebViewUITests" */ = {
			isa = XCConfigurationList;
			buildConfigurations = (
				49DCB65B1EB1F8AA002356B2 /* Debug */,
				49DCB65C1EB1F8AA002356B2 /* Release */,
			);
			defaultConfigurationIsVisible = 0;
		};
/* End XCConfigurationList section */
	};
	rootObject = 49DCB5E81EB1E6DD002356B2 /* Project object */;
}
